// !$*UTF8*$!
{
	archiveVersion = 1;
	classes = {
	};
	objectVersion = 56;
	objects = {

/* Begin PBXBuildFile section */
		991FDCD62B750A22002D85F7 /* main.c in Sources */ = {isa = PBXBuildFile; fileRef = 991FDCD52B750A22002D85F7 /* main.c */; };
		991FDCDE2B750A6A002D85F7 /* carre_permutation_diagonale.c in Sources */ = {isa = PBXBuildFile; fileRef = 991FDCDD2B750A6A002D85F7 /* carre_permutation_diagonale.c */; };
		991FDCE12B75115F002D85F7 /* outil_carre.c in Sources */ = {isa = PBXBuildFile; fileRef = 991FDCE02B75115F002D85F7 /* outil_carre.c */; };
/* End PBXBuildFile section */

/* Begin PBXCopyFilesBuildPhase section */
		991FDCD02B750A22002D85F7 /* CopyFiles */ = {
			isa = PBXCopyFilesBuildPhase;
			buildActionMask = 2147483647;
			dstPath = /usr/share/man/man1/;
			dstSubfolderSpec = 0;
			files = (
			);
			runOnlyForDeploymentPostprocessing = 1;
		};
/* End PBXCopyFilesBuildPhase section */

/* Begin PBXFileReference section */
		991FDCD22B750A22002D85F7 /* carre_permutation_diagonale */ = {isa = PBXFileReference; explicitFileType = "compiled.mach-o.executable"; includeInIndex = 0; path = carre_permutation_diagonale; sourceTree = BUILT_PRODUCTS_DIR; };
		991FDCD52B750A22002D85F7 /* main.c */ = {isa = PBXFileReference; lastKnownFileType = sourcecode.c.c; path = main.c; sourceTree = "<group>"; };
		991FDCDC2B750A6A002D85F7 /* carre_permutation_diagonale.h */ = {isa = PBXFileReference; lastKnownFileType = sourcecode.c.h; path = carre_permutation_diagonale.h; sourceTree = "<group>"; };
		991FDCDD2B750A6A002D85F7 /* carre_permutation_diagonale.c */ = {isa = PBXFileReference; lastKnownFileType = sourcecode.c.c; path = carre_permutation_diagonale.c; sourceTree = "<group>"; };
		991FDCDF2B75115F002D85F7 /* outil_carre.h */ = {isa = PBXFileReference; lastKnownFileType = sourcecode.c.h; path = outil_carre.h; sourceTree = "<group>"; };
		991FDCE02B75115F002D85F7 /* outil_carre.c */ = {isa = PBXFileReference; lastKnownFileType = sourcecode.c.c; path = outil_carre.c; sourceTree = "<group>"; };
/* End PBXFileReference section */

/* Begin PBXFrameworksBuildPhase section */
		991FDCCF2B750A22002D85F7 /* Frameworks */ = {
			isa = PBXFrameworksBuildPhase;
			buildActionMask = 2147483647;
			files = (
			);
			runOnlyForDeploymentPostprocessing = 0;
		};
/* End PBXFrameworksBuildPhase section */

/* Begin PBXGroup section */
		991FDCC92B750A21002D85F7 = {
			isa = PBXGroup;
			children = (
				991FDCD42B750A22002D85F7 /* carre_permutation_diagonale */,
				991FDCD32B750A22002D85F7 /* Products */,
			);
			sourceTree = "<group>";
		};
		991FDCD32B750A22002D85F7 /* Products */ = {
			isa = PBXGroup;
			children = (
				991FDCD22B750A22002D85F7 /* carre_permutation_diagonale */,
			);
			name = Products;
			sourceTree = "<group>";
		};
		991FDCD42B750A22002D85F7 /* carre_permutation_diagonale */ = {
			isa = PBXGroup;
			children = (
				991FDCD52B750A22002D85F7 /* main.c */,
				991FDCDF2B75115F002D85F7 /* outil_carre.h */,
				991FDCE02B75115F002D85F7 /* outil_carre.c */,
				991FDCDC2B750A6A002D85F7 /* carre_permutation_diagonale.h */,
				991FDCDD2B750A6A002D85F7 /* carre_permutation_diagonale.c */,
			);
			path = carre_permutation_diagonale;
			sourceTree = "<group>";
		};
/* End PBXGroup section */

/* Begin PBXNativeTarget section */
		991FDCD12B750A22002D85F7 /* carre_permutation_diagonale */ = {
			isa = PBXNativeTarget;
			buildConfigurationList = 991FDCD92B750A22002D85F7 /* Build configuration list for PBXNativeTarget "carre_permutation_diagonale" */;
			buildPhases = (
				991FDCCE2B750A22002D85F7 /* Sources */,
				991FDCCF2B750A22002D85F7 /* Frameworks */,
				991FDCD02B750A22002D85F7 /* CopyFiles */,
			);
			buildRules = (
			);
			dependencies = (
			);
			name = carre_permutation_diagonale;
			productName = carre_permutation_diagonale;
			productReference = 991FDCD22B750A22002D85F7 /* carre_permutation_diagonale */;
			productType = "com.apple.product-type.tool";
		};
/* End PBXNativeTarget section */

/* Begin PBXProject section */
		991FDCCA2B750A21002D85F7 /* Project object */ = {
			isa = PBXProject;
			attributes = {
				BuildIndependentTargetsInParallel = 1;
				LastUpgradeCheck = 1420;
				TargetAttributes = {
					991FDCD12B750A22002D85F7 = {
						CreatedOnToolsVersion = 14.2;
					};
				};
			};
			buildConfigurationList = 991FDCCD2B750A21002D85F7 /* Build configuration list for PBXProject "carre_permutation_diagonale" */;
			compatibilityVersion = "Xcode 14.0";
			developmentRegion = en;
			hasScannedForEncodings = 0;
			knownRegions = (
				en,
				Base,
			);
			mainGroup = 991FDCC92B750A21002D85F7;
			productRefGroup = 991FDCD32B750A22002D85F7 /* Products */;
			projectDirPath = "";
			projectRoot = "";
			targets = (
				991FDCD12B750A22002D85F7 /* carre_permutation_diagonale */,
			);
		};
/* End PBXProject section */

/* Begin PBXSourcesBuildPhase section */
		991FDCCE2B750A22002D85F7 /* Sources */ = {
			isa = PBXSourcesBuildPhase;
			buildActionMask = 2147483647;
			files = (
				991FDCE12B75115F002D85F7 /* outil_carre.c in Sources */,
				991FDCD62B750A22002D85F7 /* main.c in Sources */,
				991FDCDE2B750A6A002D85F7 /* carre_permutation_diagonale.c in Sources */,
			);
			runOnlyForDeploymentPostprocessing = 0;
		};
/* End PBXSourcesBuildPhase section */

/* Begin XCBuildConfiguration section */
		991FDCD72B750A22002D85F7 /* Debug */ = {
			isa = XCBuildConfiguration;
			buildSettings = {
				ALWAYS_SEARCH_USER_PATHS = NO;
				CLANG_ANALYZER_NONNULL = YES;
				CLANG_ANALYZER_NUMBER_OBJECT_CONVERSION = YES_AGGRESSIVE;
				CLANG_CXX_LANGUAGE_STANDARD = "gnu++20";
				CLANG_ENABLE_MODULES = YES;
				CLANG_ENABLE_OBJC_ARC = YES;
				CLANG_ENABLE_OBJC_WEAK = YES;
				CLANG_WARN_BLOCK_CAPTURE_AUTORELEASING = YES;
				CLANG_WARN_BOOL_CONVERSION = YES;
				CLANG_WARN_COMMA = YES;
				CLANG_WARN_CONSTANT_CONVERSION = YES;
				CLANG_WARN_DEPRECATED_OBJC_IMPLEMENTATIONS = YES;
				CLANG_WARN_DIRECT_OBJC_ISA_USAGE = YES_ERROR;
				CLANG_WARN_DOCUMENTATION_COMMENTS = YES;
				CLANG_WARN_EMPTY_BODY = YES;
				CLANG_WARN_ENUM_CONVERSION = YES;
				CLANG_WARN_INFINITE_RECURSION = YES;
				CLANG_WARN_INT_CONVERSION = YES;
				CLANG_WARN_NON_LITERAL_NULL_CONVERSION = YES;
				CLANG_WARN_OBJC_IMPLICIT_RETAIN_SELF = YES;
				CLANG_WARN_OBJC_LITERAL_CONVERSION = YES;
				CLANG_WARN_OBJC_ROOT_CLASS = YES_ERROR;
				CLANG_WARN_QUOTED_INCLUDE_IN_FRAMEWORK_HEADER = YES;
				CLANG_WARN_RANGE_LOOP_ANALYSIS = YES;
				CLANG_WARN_STRICT_PROTOTYPES = YES;
				CLANG_WARN_SUSPICIOUS_MOVE = YES;
				CLANG_WARN_UNGUARDED_AVAILABILITY = YES_AGGRESSIVE;
				CLANG_WARN_UNREACHABLE_CODE = YES;
				CLANG_WARN__DUPLICATE_METHOD_MATCH = YES;
				COPY_PHASE_STRIP = NO;
				DEBUG_INFORMATION_FORMAT = dwarf;
				ENABLE_STRICT_OBJC_MSGSEND = YES;
				ENABLE_TESTABILITY = YES;
				GCC_C_LANGUAGE_STANDARD = gnu11;
				GCC_DYNAMIC_NO_PIC = NO;
				GCC_NO_COMMON_BLOCKS = YES;
				GCC_OPTIMIZATION_LEVEL = 0;
				GCC_PREPROCESSOR_DEFINITIONS = (
					"DEBUG=1",
					"$(inherited)",
				);
				GCC_WARN_64_TO_32_BIT_CONVERSION = YES;
				GCC_WARN_ABOUT_RETURN_TYPE = YES_ERROR;
				GCC_WARN_UNDECLARED_SELECTOR = YES;
				GCC_WARN_UNINITIALIZED_AUTOS = YES_AGGRESSIVE;
				GCC_WARN_UNUSED_FUNCTION = YES;
				GCC_WARN_UNUSED_VARIABLE = YES;
				MACOSX_DEPLOYMENT_TARGET = 12.7;
				MTL_ENABLE_DEBUG_INFO = INCLUDE_SOURCE;
				MTL_FAST_MATH = YES;
				ONLY_ACTIVE_ARCH = YES;
				SDKROOT = macosx;
			};
			name = Debug;
		};
		991FDCD82B750A22002D85F7 /* Release */ = {
			isa = XCBuildConfiguration;
			buildSettings = {
				ALWAYS_SEARCH_USER_PATHS = NO;
				CLANG_ANALYZER_NONNULL = YES;
				CLANG_ANALYZER_NUMBER_OBJECT_CONVERSION = YES_AGGRESSIVE;
				CLANG_CXX_LANGUAGE_STANDARD = "gnu++20";
				CLANG_ENABLE_MODULES = YES;
				CLANG_ENABLE_OBJC_ARC = YES;
				CLANG_ENABLE_OBJC_WEAK = YES;
				CLANG_WARN_BLOCK_CAPTURE_AUTORELEASING = YES;
				CLANG_WARN_BOOL_CONVERSION = YES;
				CLANG_WARN_COMMA = YES;
				CLANG_WARN_CONSTANT_CONVERSION = YES;
				CLANG_WARN_DEPRECATED_OBJC_IMPLEMENTATIONS = YES;
				CLANG_WARN_DIRECT_OBJC_ISA_USAGE = YES_ERROR;
				CLANG_WARN_DOCUMENTATION_COMMENTS = YES;
				CLANG_WARN_EMPTY_BODY = YES;
				CLANG_WARN_ENUM_CONVERSION = YES;
				CLANG_WARN_INFINITE_RECURSION = YES;
				CLANG_WARN_INT_CONVERSION = YES;
				CLANG_WARN_NON_LITERAL_NULL_CONVERSION = YES;
				CLANG_WARN_OBJC_IMPLICIT_RETAIN_SELF = YES;
				CLANG_WARN_OBJC_LITERAL_CONVERSION = YES;
				CLANG_WARN_OBJC_ROOT_CLASS = YES_ERROR;
				CLANG_WARN_QUOTED_INCLUDE_IN_FRAMEWORK_HEADER = YES;
				CLANG_WARN_RANGE_LOOP_ANALYSIS = YES;
				CLANG_WARN_STRICT_PROTOTYPES = YES;
				CLANG_WARN_SUSPICIOUS_MOVE = YES;
				CLANG_WARN_UNGUARDED_AVAILABILITY = YES_AGGRESSIVE;
				CLANG_WARN_UNREACHABLE_CODE = YES;
				CLANG_WARN__DUPLICATE_METHOD_MATCH = YES;
				COPY_PHASE_STRIP = NO;
				DEBUG_INFORMATION_FORMAT = "dwarf-with-dsym";
				ENABLE_NS_ASSERTIONS = NO;
				ENABLE_STRICT_OBJC_MSGSEND = YES;
				GCC_C_LANGUAGE_STANDARD = gnu11;
				GCC_NO_COMMON_BLOCKS = YES;
				GCC_WARN_64_TO_32_BIT_CONVERSION = YES;
				GCC_WARN_ABOUT_RETURN_TYPE = YES_ERROR;
				GCC_WARN_UNDECLARED_SELECTOR = YES;
				GCC_WARN_UNINITIALIZED_AUTOS = YES_AGGRESSIVE;
				GCC_WARN_UNUSED_FUNCTION = YES;
				GCC_WARN_UNUSED_VARIABLE = YES;
				MACOSX_DEPLOYMENT_TARGET = 12.7;
				MTL_ENABLE_DEBUG_INFO = NO;
				MTL_FAST_MATH = YES;
				SDKROOT = macosx;
			};
			name = Release;
		};
		991FDCDA2B750A22002D85F7 /* Debug */ = {
			isa = XCBuildConfiguration;
			buildSettings = {
				CODE_SIGN_STYLE = Automatic;
				PRODUCT_NAME = "$(TARGET_NAME)";
			};
			name = Debug;
		};
		991FDCDB2B750A22002D85F7 /* Release */ = {
			isa = XCBuildConfiguration;
			buildSettings = {
				CODE_SIGN_STYLE = Automatic;
				PRODUCT_NAME = "$(TARGET_NAME)";
			};
			name = Release;
		};
/* End XCBuildConfiguration section */

/* Begin XCConfigurationList section */
		991FDCCD2B750A21002D85F7 /* Build configuration list for PBXProject "carre_permutation_diagonale" */ = {
			isa = XCConfigurationList;
			buildConfigurations = (
				991FDCD72B750A22002D85F7 /* Debug */,
				991FDCD82B750A22002D85F7 /* Release */,
			);
			defaultConfigurationIsVisible = 0;
			defaultConfigurationName = Release;
		};
		991FDCD92B750A22002D85F7 /* Build configuration list for PBXNativeTarget "carre_permutation_diagonale" */ = {
			isa = XCConfigurationList;
			buildConfigurations = (
				991FDCDA2B750A22002D85F7 /* Debug */,
				991FDCDB2B750A22002D85F7 /* Release */,
			);
			defaultConfigurationIsVisible = 0;
			defaultConfigurationName = Release;
		};
/* End XCConfigurationList section */
	};
	rootObject = 991FDCCA2B750A21002D85F7 /* Project object */;
}
